
Microsoft Visual Studio Solution File, Format Version 12.00
# Visual Studio 2013
VisualStudioVersion = 12.0.21005.1
MinimumVisualStudioVersion = 10.0.40219.1
Project("{FAE04EC0-301F-11D3-BF4B-00C04F79EFBC}") = "Unitoys.Web", "Unitoys.Web\Unitoys.Web.csproj", "{34E894F0-7EC0-4CF5-9E9A-C6703F507EA0}"
EndProject
Project("{FAE04EC0-301F-11D3-BF4B-00C04F79EFBC}") = "Unitoys.IServices", "Unitoys.IServices\Unitoys.IServices.csproj", "{D50AA7F8-3F4D-43C2-8136-267B0114B229}"
EndProject
Project("{FAE04EC0-301F-11D3-BF4B-00C04F79EFBC}") = "Unitoys.Model", "Unitoys.Model\Unitoys.Model.csproj", "{749B8FAF-FB9B-485C-9295-F3FFFCF15B8B}"
EndProject
Project("{FAE04EC0-301F-11D3-BF4B-00C04F79EFBC}") = "Unitoys.Services", "Unitoys.Services\Unitoys.Services.csproj", "{1B325F1E-0233-4EC8-A0E0-D04395CAC1FC}"
EndProject
Project("{2150E333-8FDC-42A3-9474-1A3956D46DE8}") = "1.UI", "1.UI", "{7211D437-71BE-4EE2-BA66-55962DD5B759}"
EndProject
Project("{2150E333-8FDC-42A3-9474-1A3956D46DE8}") = "4.Entity", "4.Entity", "{42D19F31-F22A-4573-93CC-C1F80309F5D0}"
EndProject
Project("{FAE04EC0-301F-11D3-BF4B-00C04F79EFBC}") = "Unitoys.Ioc", "Unitoys.Ioc\Unitoys.Ioc.csproj", "{82DA6B34-1691-42E4-BCF1-EFF8361978F4}"
EndProject
Project("{2150E333-8FDC-42A3-9474-1A3956D46DE8}") = "2.Libraries", "2.Libraries", "{D2BD8CBF-8270-448F-9F77-6D3926D22469}"
EndProject
Project("{FAE04EC0-301F-11D3-BF4B-00C04F79EFBC}") = "Unitoys.Core", "Unitoys.Core\Unitoys.Core.csproj", "{A45F71B9-FE2B-4ED5-8DE1-8F5F199D3708}"
EndProject
Project("{2150E333-8FDC-42A3-9474-1A3956D46DE8}") = "5.Test", "5.Test", "{D755ACE6-BE49-465D-90C9-DF5943DDCF54}"
EndProject
Project("{FAE04EC0-301F-11D3-BF4B-00C04F79EFBC}") = "Unitoys.WebApi", "Unitoys.WebApi\Unitoys.WebApi.csproj", "{762C0033-4075-4B35-ACF3-78C4A9A738FA}"
EndProject
Project("{FAE04EC0-301F-11D3-BF4B-00C04F79EFBC}") = "UnitTest", "UnitTest\UnitTest.csproj", "{0CC5E4BC-686D-46CF-9F11-E9E301E78005}"
EndProject
Project("{FAE04EC0-301F-11D3-BF4B-00C04F79EFBC}") = "Unitoys.CiticTelecom", "Unitoys.CiticTelecom\Unitoys.CiticTelecom.csproj", "{E39DBE1C-D159-40E2-9CA3-53B1174FB660}"
EndProject
Project("{FAE04EC0-301F-11D3-BF4B-00C04F79EFBC}") = "Unitoys.Eims", "Unitoys.Eims\Unitoys.Eims.csproj", "{5006B4A2-1507-4C9C-8889-EF7E1236D709}"
EndProject
Project("{FAE04EC0-301F-11D3-BF4B-00C04F79EFBC}") = "Senparc.Weixin.Cache.Redis", "Senparc.Weixin.Cache.Redis\Senparc.Weixin.Cache.Redis.csproj", "{51AC27B4-11AE-4F59-B82A-0BB3AFA5F62B}"
EndProject
Project("{FAE04EC0-301F-11D3-BF4B-00C04F79EFBC}") = "Unitoys.ESIM_263mobile", "Unitoys.ESIM_263mobile\Unitoys.ESIM_263mobile.csproj", "{1F194709-6C28-4AC1-B6B4-B36C79A3A479}"
EndProject
Global
	GlobalSection(SolutionConfigurationPlatforms) = preSolution
		Debug|Any CPU = Debug|Any CPU
		Debug|x86 = Debug|x86
		Release|Any CPU = Release|Any CPU
		Release|x86 = Release|x86
	EndGlobalSection
	GlobalSection(ProjectConfigurationPlatforms) = postSolution
		{34E894F0-7EC0-4CF5-9E9A-C6703F507EA0}.Debug|Any CPU.ActiveCfg = Debug|Any CPU
		{34E894F0-7EC0-4CF5-9E9A-C6703F507EA0}.Debug|Any CPU.Build.0 = Debug|Any CPU
		{34E894F0-7EC0-4CF5-9E9A-C6703F507EA0}.Debug|Any CPU.Deploy.0 = Debug|Any CPU
		{34E894F0-7EC0-4CF5-9E9A-C6703F507EA0}.Debug|x86.ActiveCfg = Debug|Any CPU
		{34E894F0-7EC0-4CF5-9E9A-C6703F507EA0}.Release|Any CPU.ActiveCfg = Release|Any CPU
		{34E894F0-7EC0-4CF5-9E9A-C6703F507EA0}.Release|Any CPU.Build.0 = Release|Any CPU
		{34E894F0-7EC0-4CF5-9E9A-C6703F507EA0}.Release|x86.ActiveCfg = Release|Any CPU
		{D50AA7F8-3F4D-43C2-8136-267B0114B229}.Debug|Any CPU.ActiveCfg = Debug|Any CPU
		{D50AA7F8-3F4D-43C2-8136-267B0114B229}.Debug|Any CPU.Build.0 = Debug|Any CPU
		{D50AA7F8-3F4D-43C2-8136-267B0114B229}.Debug|x86.ActiveCfg = Debug|Any CPU
		{D50AA7F8-3F4D-43C2-8136-267B0114B229}.Release|Any CPU.ActiveCfg = Release|Any CPU
		{D50AA7F8-3F4D-43C2-8136-267B0114B229}.Release|Any CPU.Build.0 = Release|Any CPU
		{D50AA7F8-3F4D-43C2-8136-267B0114B229}.Release|x86.ActiveCfg = Release|Any CPU
		{749B8FAF-FB9B-485C-9295-F3FFFCF15B8B}.Debug|Any CPU.ActiveCfg = Debug|Any CPU
		{749B8FAF-FB9B-485C-9295-F3FFFCF15B8B}.Debug|Any CPU.Build.0 = Debug|Any CPU
		{749B8FAF-FB9B-485C-9295-F3FFFCF15B8B}.Debug|x86.ActiveCfg = Debug|Any CPU
		{749B8FAF-FB9B-485C-9295-F3FFFCF15B8B}.Release|Any CPU.ActiveCfg = Release|Any CPU
		{749B8FAF-FB9B-485C-9295-F3FFFCF15B8B}.Release|Any CPU.Build.0 = Release|Any CPU
		{749B8FAF-FB9B-485C-9295-F3FFFCF15B8B}.Release|x86.ActiveCfg = Release|Any CPU
		{1B325F1E-0233-4EC8-A0E0-D04395CAC1FC}.Debug|Any CPU.ActiveCfg = Debug|Any CPU
		{1B325F1E-0233-4EC8-A0E0-D04395CAC1FC}.Debug|Any CPU.Build.0 = Debug|Any CPU
		{1B325F1E-0233-4EC8-A0E0-D04395CAC1FC}.Debug|x86.ActiveCfg = Debug|Any CPU
		{1B325F1E-0233-4EC8-A0E0-D04395CAC1FC}.Release|Any CPU.ActiveCfg = Release|Any CPU
		{1B325F1E-0233-4EC8-A0E0-D04395CAC1FC}.Release|Any CPU.Build.0 = Release|Any CPU
		{1B325F1E-0233-4EC8-A0E0-D04395CAC1FC}.Release|x86.ActiveCfg = Release|Any CPU
		{82DA6B34-1691-42E4-BCF1-EFF8361978F4}.Debug|Any CPU.ActiveCfg = Debug|Any CPU
		{82DA6B34-1691-42E4-BCF1-EFF8361978F4}.Debug|Any CPU.Build.0 = Debug|Any CPU
		{82DA6B34-1691-42E4-BCF1-EFF8361978F4}.Debug|x86.ActiveCfg = Debug|Any CPU
		{82DA6B34-1691-42E4-BCF1-EFF8361978F4}.Release|Any CPU.ActiveCfg = Release|Any CPU
		{82DA6B34-1691-42E4-BCF1-EFF8361978F4}.Release|Any CPU.Build.0 = Release|Any CPU
		{82DA6B34-1691-42E4-BCF1-EFF8361978F4}.Release|x86.ActiveCfg = Release|Any CPU
		{A45F71B9-FE2B-4ED5-8DE1-8F5F199D3708}.Debug|Any CPU.ActiveCfg = Debug|Any CPU
		{A45F71B9-FE2B-4ED5-8DE1-8F5F199D3708}.Debug|Any CPU.Build.0 = Debug|Any CPU
		{A45F71B9-FE2B-4ED5-8DE1-8F5F199D3708}.Debug|x86.ActiveCfg = Debug|Any CPU
		{A45F71B9-FE2B-4ED5-8DE1-8F5F199D3708}.Release|Any CPU.ActiveCfg = Release|Any CPU
		{A45F71B9-FE2B-4ED5-8DE1-8F5F199D3708}.Release|Any CPU.Build.0 = Release|Any CPU
		{A45F71B9-FE2B-4ED5-8DE1-8F5F199D3708}.Release|x86.ActiveCfg = Release|Any CPU
		{762C0033-4075-4B35-ACF3-78C4A9A738FA}.Debug|Any CPU.ActiveCfg = Debug|Any CPU
		{762C0033-4075-4B35-ACF3-78C4A9A738FA}.Debug|Any CPU.Build.0 = Debug|Any CPU
		{762C0033-4075-4B35-ACF3-78C4A9A738FA}.Debug|x86.ActiveCfg = Debug|Any CPU
		{762C0033-4075-4B35-ACF3-78C4A9A738FA}.Release|Any CPU.ActiveCfg = Release|Any CPU
		{762C0033-4075-4B35-ACF3-78C4A9A738FA}.Release|Any CPU.Build.0 = Release|Any CPU
		{762C0033-4075-4B35-ACF3-78C4A9A738FA}.Release|x86.ActiveCfg = Release|Any CPU
		{0CC5E4BC-686D-46CF-9F11-E9E301E78005}.Debug|Any CPU.ActiveCfg = Debug|Any CPU
		{0CC5E4BC-686D-46CF-9F11-E9E301E78005}.Debug|Any CPU.Build.0 = Debug|Any CPU
		{0CC5E4BC-686D-46CF-9F11-E9E301E78005}.Debug|x86.ActiveCfg = Debug|Any CPU
		{0CC5E4BC-686D-46CF-9F11-E9E301E78005}.Release|Any CPU.ActiveCfg = Release|Any CPU
		{0CC5E4BC-686D-46CF-9F11-E9E301E78005}.Release|Any CPU.Build.0 = Release|Any CPU
		{0CC5E4BC-686D-46CF-9F11-E9E301E78005}.Release|x86.ActiveCfg = Release|Any CPU
		{E39DBE1C-D159-40E2-9CA3-53B1174FB660}.Debug|Any CPU.ActiveCfg = Debug|Any CPU
		{E39DBE1C-D159-40E2-9CA3-53B1174FB660}.Debug|Any CPU.Build.0 = Debug|Any CPU
		{E39DBE1C-D159-40E2-9CA3-53B1174FB660}.Debug|x86.ActiveCfg = Debug|Any CPU
		{E39DBE1C-D159-40E2-9CA3-53B1174FB660}.Release|Any CPU.ActiveCfg = Release|Any CPU
		{E39DBE1C-D159-40E2-9CA3-53B1174FB660}.Release|Any CPU.Build.0 = Release|Any CPU
		{E39DBE1C-D159-40E2-9CA3-53B1174FB660}.Release|x86.ActiveCfg = Release|Any CPU
		{5006B4A2-1507-4C9C-8889-EF7E1236D709}.Debug|Any CPU.ActiveCfg = Debug|Any CPU
		{5006B4A2-1507-4C9C-8889-EF7E1236D709}.Debug|Any CPU.Build.0 = Debug|Any CPU
		{5006B4A2-1507-4C9C-8889-EF7E1236D709}.Debug|x86.ActiveCfg = Debug|Any CPU
		{5006B4A2-1507-4C9C-8889-EF7E1236D709}.Release|Any CPU.ActiveCfg = Release|Any CPU
		{5006B4A2-1507-4C9C-8889-EF7E1236D709}.Release|Any CPU.Build.0 = Release|Any CPU
		{5006B4A2-1507-4C9C-8889-EF7E1236D709}.Release|x86.ActiveCfg = Release|Any CPU
		{51AC27B4-11AE-4F59-B82A-0BB3AFA5F62B}.Debug|Any CPU.ActiveCfg = Debug|Any CPU
		{51AC27B4-11AE-4F59-B82A-0BB3AFA5F62B}.Debug|Any CPU.Build.0 = Debug|Any CPU
		{51AC27B4-11AE-4F59-B82A-0BB3AFA5F62B}.Debug|x86.ActiveCfg = Debug|x86
		{51AC27B4-11AE-4F59-B82A-0BB3AFA5F62B}.Debug|x86.Build.0 = Debug|x86
		{51AC27B4-11AE-4F59-B82A-0BB3AFA5F62B}.Release|Any CPU.ActiveCfg = Release|Any CPU
		{51AC27B4-11AE-4F59-B82A-0BB3AFA5F62B}.Release|Any CPU.Build.0 = Release|Any CPU
		{51AC27B4-11AE-4F59-B82A-0BB3AFA5F62B}.Release|x86.ActiveCfg = Release|x86
		{51AC27B4-11AE-4F59-B82A-0BB3AFA5F62B}.Release|x86.Build.0 = Release|x86
		{1F194709-6C28-4AC1-B6B4-B36C79A3A479}.Debug|Any CPU.ActiveCfg = Debug|Any CPU
		{1F194709-6C28-4AC1-B6B4-B36C79A3A479}.Debug|Any CPU.Build.0 = Debug|Any CPU
		{1F194709-6C28-4AC1-B6B4-B36C79A3A479}.Debug|x86.ActiveCfg = Debug|Any CPU
		{1F194709-6C28-4AC1-B6B4-B36C79A3A479}.Release|Any CPU.ActiveCfg = Release|Any CPU
		{1F194709-6C28-4AC1-B6B4-B36C79A3A479}.Release|Any CPU.Build.0 = Release|Any CPU
		{1F194709-6C28-4AC1-B6B4-B36C79A3A479}.Release|x86.ActiveCfg = Release|Any CPU
	EndGlobalSection
	GlobalSection(SolutionProperties) = preSolution
		HideSolutionNode = FALSE
	EndGlobalSection
	GlobalSection(NestedProjects) = preSolution
		{34E894F0-7EC0-4CF5-9E9A-C6703F507EA0} = {7211D437-71BE-4EE2-BA66-55962DD5B759}
		{762C0033-4075-4B35-ACF3-78C4A9A738FA} = {7211D437-71BE-4EE2-BA66-55962DD5B759}
		{1B325F1E-0233-4EC8-A0E0-D04395CAC1FC} = {D2BD8CBF-8270-448F-9F77-6D3926D22469}
		{82DA6B34-1691-42E4-BCF1-EFF8361978F4} = {D2BD8CBF-8270-448F-9F77-6D3926D22469}
		{D50AA7F8-3F4D-43C2-8136-267B0114B229} = {D2BD8CBF-8270-448F-9F77-6D3926D22469}
		{A45F71B9-FE2B-4ED5-8DE1-8F5F199D3708} = {D2BD8CBF-8270-448F-9F77-6D3926D22469}
		{E39DBE1C-D159-40E2-9CA3-53B1174FB660} = {D2BD8CBF-8270-448F-9F77-6D3926D22469}
		{5006B4A2-1507-4C9C-8889-EF7E1236D709} = {D2BD8CBF-8270-448F-9F77-6D3926D22469}
		{51AC27B4-11AE-4F59-B82A-0BB3AFA5F62B} = {D2BD8CBF-8270-448F-9F77-6D3926D22469}
		{749B8FAF-FB9B-485C-9295-F3FFFCF15B8B} = {42D19F31-F22A-4573-93CC-C1F80309F5D0}
		{1F194709-6C28-4AC1-B6B4-B36C79A3A479} = {42D19F31-F22A-4573-93CC-C1F80309F5D0}
		{0CC5E4BC-686D-46CF-9F11-E9E301E78005} = {D755ACE6-BE49-465D-90C9-DF5943DDCF54}
	EndGlobalSection
EndGlobal
